
Microsoft Visual Studio Solution File, Format Version 12.00
# Visual Studio Version 16
VisualStudioVersion = 16.0.33027.164
MinimumVisualStudioVersion = 10.0.40219.1
Project("{FAE04EC0-301F-11D3-BF4B-00C04F79EFBC}") = "Project", "Project-iste\Project.csproj", "{EAE2336D-0188-4A8F-AC22-6D43958DA70F}"
EndProject
Global
	GlobalSection(SolutionConfigurationPlatforms) = preSolution
		Debug|Any CPU = Debug|Any CPU
		Release|Any CPU = Release|Any CPU
	EndGlobalSection
	GlobalSection(ProjectConfigurationPlatforms) = postSolution
		{EAE2336D-0188-4A8F-AC22-6D43958DA70F}.Debug|Any CPU.ActiveCfg = Debug|Any CPU
		{EAE2336D-0188-4A8F-AC22-6D43958DA70F}.Debug|Any CPU.Build.0 = Debug|Any CPU
		{EAE2336D-0188-4A8F-AC22-6D43958DA70F}.Release|Any CPU.ActiveCfg = Release|Any CPU
		{EAE2336D-0188-4A8F-AC22-6D43958DA70F}.Release|Any CPU.Build.0 = Release|Any CPU
	EndGlobalSection
	GlobalSection(SolutionProperties) = preSolution
		HideSolutionNode = FALSE
	EndGlobalSection
	GlobalSection(ExtensibilityGlobals) = postSolution
		SolutionGuid = {ACB93A47-625F-433D-8504-A1481FE34EDE}
	EndGlobalSection
EndGlobal
